
Microsoft Visual Studio Solution File, Format Version 12.00
# Visual Studio Version 17
VisualStudioVersion = 17.13.35919.96 d17.13
MinimumVisualStudioVersion = 10.0.40219.1
Project("{FAE04EC0-301F-11D3-BF4B-00C04F79EFBC}") = "AnyText.PerformanceBenchmark", "AnyText.PerformanceBenchmark.csproj", "{D1B311B5-B286-F891-C395-E110191F5026}"
EndProject
Project("{FAE04EC0-301F-11D3-BF4B-00C04F79EFBC}") = "AnyMeta", "NMF\AnyText\AnyMeta\AnyMeta.csproj", "{0E8117EC-253B-111F-4D83-5814737B91B4}"
EndProject
Project("{FAE04EC0-301F-11D3-BF4B-00C04F79EFBC}") = "AnyText", "NMF\AnyText\AnyText\AnyText.csproj", "{5A3B9FD8-18D0-CB57-5B18-A44FE8E1AB26}"
EndProject
Project("{FAE04EC0-301F-11D3-BF4B-00C04F79EFBC}") = "AnyText.Core", "NMF\AnyText\AnyText.Core\AnyText.Core.csproj", "{AD178C2A-D67C-073F-8C69-4660A9FD7020}"
EndProject
Project("{FAE04EC0-301F-11D3-BF4B-00C04F79EFBC}") = "Models", "NMF\Models\Models\Models.csproj", "{18324D25-A2B9-1187-4963-B72AE6779133}"
EndProject
Project("{FAE04EC0-301F-11D3-BF4B-00C04F79EFBC}") = "Transformations", "NMF\Transformations\Transformations\Transformations.csproj", "{CAB4D93C-20B5-8A19-3648-82AA7DB2A5E4}"
EndProject
Project("{FAE04EC0-301F-11D3-BF4B-00C04F79EFBC}") = "Utilities", "NMF\Tools\Utilities\Utilities.csproj", "{4F3128B1-0A8E-23A2-FE9C-05CF94755D29}"
EndProject
Project("{FAE04EC0-301F-11D3-BF4B-00C04F79EFBC}") = "Expressions", "NMF\Expressions\Expressions\Expressions.csproj", "{13B713EF-79A9-24B4-1667-A55BDE88AE97}"
EndProject
Project("{FAE04EC0-301F-11D3-BF4B-00C04F79EFBC}") = "Serialization", "NMF\Models\Serialization\Serialization.csproj", "{46DC4E90-16E6-9EE1-CAE2-AA43B1A650BF}"
EndProject
Project("{FAE04EC0-301F-11D3-BF4B-00C04F79EFBC}") = "Collections", "NMF\Collections\Collections\Collections.csproj", "{6D67155C-259F-5936-562C-30E224DA7ECE}"
EndProject
Project("{FAE04EC0-301F-11D3-BF4B-00C04F79EFBC}") = "Expressions.Linq", "NMF\Expressions\Expressions.Linq\Expressions.Linq.csproj", "{01FB531F-BB6D-BCB1-832D-174B446DF994}"
EndProject
Project("{FAE04EC0-301F-11D3-BF4B-00C04F79EFBC}") = "Transformations.Core", "NMF\Transformations\Transformations.Core\Transformations.Core.csproj", "{0AA93B2D-DF68-3A4B-40A6-40BB9248EAE5}"
EndProject
Project("{2150E333-8FDC-42A3-9474-1A3956D46DE8}") = "NMF", "NMF", "{02EA681E-C7D8-13C7-8484-4AC65E1B71E8}"
EndProject
Global
	GlobalSection(SolutionConfigurationPlatforms) = preSolution
		Debug|Any CPU = Debug|Any CPU
		Release|Any CPU = Release|Any CPU
	EndGlobalSection
	GlobalSection(ProjectConfigurationPlatforms) = postSolution
		{D1B311B5-B286-F891-C395-E110191F5026}.Debug|Any CPU.ActiveCfg = Debug|Any CPU
		{D1B311B5-B286-F891-C395-E110191F5026}.Debug|Any CPU.Build.0 = Debug|Any CPU
		{D1B311B5-B286-F891-C395-E110191F5026}.Release|Any CPU.ActiveCfg = Release|Any CPU
		{D1B311B5-B286-F891-C395-E110191F5026}.Release|Any CPU.Build.0 = Release|Any CPU
		{0E8117EC-253B-111F-4D83-5814737B91B4}.Debug|Any CPU.ActiveCfg = Debug|Any CPU
		{0E8117EC-253B-111F-4D83-5814737B91B4}.Debug|Any CPU.Build.0 = Debug|Any CPU
		{0E8117EC-253B-111F-4D83-5814737B91B4}.Release|Any CPU.ActiveCfg = Release|Any CPU
		{0E8117EC-253B-111F-4D83-5814737B91B4}.Release|Any CPU.Build.0 = Release|Any CPU
		{5A3B9FD8-18D0-CB57-5B18-A44FE8E1AB26}.Debug|Any CPU.ActiveCfg = Debug|Any CPU
		{5A3B9FD8-18D0-CB57-5B18-A44FE8E1AB26}.Debug|Any CPU.Build.0 = Debug|Any CPU
		{5A3B9FD8-18D0-CB57-5B18-A44FE8E1AB26}.Release|Any CPU.ActiveCfg = Release|Any CPU
		{5A3B9FD8-18D0-CB57-5B18-A44FE8E1AB26}.Release|Any CPU.Build.0 = Release|Any CPU
		{AD178C2A-D67C-073F-8C69-4660A9FD7020}.Debug|Any CPU.ActiveCfg = Debug|Any CPU
		{AD178C2A-D67C-073F-8C69-4660A9FD7020}.Debug|Any CPU.Build.0 = Debug|Any CPU
		{AD178C2A-D67C-073F-8C69-4660A9FD7020}.Release|Any CPU.ActiveCfg = Release|Any CPU
		{AD178C2A-D67C-073F-8C69-4660A9FD7020}.Release|Any CPU.Build.0 = Release|Any CPU
		{18324D25-A2B9-1187-4963-B72AE6779133}.Debug|Any CPU.ActiveCfg = Debug|Any CPU
		{18324D25-A2B9-1187-4963-B72AE6779133}.Debug|Any CPU.Build.0 = Debug|Any CPU
		{18324D25-A2B9-1187-4963-B72AE6779133}.Release|Any CPU.ActiveCfg = Release|Any CPU
		{18324D25-A2B9-1187-4963-B72AE6779133}.Release|Any CPU.Build.0 = Release|Any CPU
		{CAB4D93C-20B5-8A19-3648-82AA7DB2A5E4}.Debug|Any CPU.ActiveCfg = Debug|Any CPU
		{CAB4D93C-20B5-8A19-3648-82AA7DB2A5E4}.Debug|Any CPU.Build.0 = Debug|Any CPU
		{CAB4D93C-20B5-8A19-3648-82AA7DB2A5E4}.Release|Any CPU.ActiveCfg = Release|Any CPU
		{CAB4D93C-20B5-8A19-3648-82AA7DB2A5E4}.Release|Any CPU.Build.0 = Release|Any CPU
		{4F3128B1-0A8E-23A2-FE9C-05CF94755D29}.Debug|Any CPU.ActiveCfg = Debug|Any CPU
		{4F3128B1-0A8E-23A2-FE9C-05CF94755D29}.Debug|Any CPU.Build.0 = Debug|Any CPU
		{4F3128B1-0A8E-23A2-FE9C-05CF94755D29}.Release|Any CPU.ActiveCfg = Release|Any CPU
		{4F3128B1-0A8E-23A2-FE9C-05CF94755D29}.Release|Any CPU.Build.0 = Release|Any CPU
		{13B713EF-79A9-24B4-1667-A55BDE88AE97}.Debug|Any CPU.ActiveCfg = Debug|Any CPU
		{13B713EF-79A9-24B4-1667-A55BDE88AE97}.Debug|Any CPU.Build.0 = Debug|Any CPU
		{13B713EF-79A9-24B4-1667-A55BDE88AE97}.Release|Any CPU.ActiveCfg = Release|Any CPU
		{13B713EF-79A9-24B4-1667-A55BDE88AE97}.Release|Any CPU.Build.0 = Release|Any CPU
		{46DC4E90-16E6-9EE1-CAE2-AA43B1A650BF}.Debug|Any CPU.ActiveCfg = Debug|Any CPU
		{46DC4E90-16E6-9EE1-CAE2-AA43B1A650BF}.Debug|Any CPU.Build.0 = Debug|Any CPU
		{46DC4E90-16E6-9EE1-CAE2-AA43B1A650BF}.Release|Any CPU.ActiveCfg = Release|Any CPU
		{46DC4E90-16E6-9EE1-CAE2-AA43B1A650BF}.Release|Any CPU.Build.0 = Release|Any CPU
		{6D67155C-259F-5936-562C-30E224DA7ECE}.Debug|Any CPU.ActiveCfg = Debug|Any CPU
		{6D67155C-259F-5936-562C-30E224DA7ECE}.Debug|Any CPU.Build.0 = Debug|Any CPU
		{6D67155C-259F-5936-562C-30E224DA7ECE}.Release|Any CPU.ActiveCfg = Release|Any CPU
		{6D67155C-259F-5936-562C-30E224DA7ECE}.Release|Any CPU.Build.0 = Release|Any CPU
		{01FB531F-BB6D-BCB1-832D-174B446DF994}.Debug|Any CPU.ActiveCfg = Debug|Any CPU
		{01FB531F-BB6D-BCB1-832D-174B446DF994}.Debug|Any CPU.Build.0 = Debug|Any CPU
		{01FB531F-BB6D-BCB1-832D-174B446DF994}.Release|Any CPU.ActiveCfg = Release|Any CPU
		{01FB531F-BB6D-BCB1-832D-174B446DF994}.Release|Any CPU.Build.0 = Release|Any CPU
		{0AA93B2D-DF68-3A4B-40A6-40BB9248EAE5}.Debug|Any CPU.ActiveCfg = Debug|Any CPU
		{0AA93B2D-DF68-3A4B-40A6-40BB9248EAE5}.Debug|Any CPU.Build.0 = Debug|Any CPU
		{0AA93B2D-DF68-3A4B-40A6-40BB9248EAE5}.Release|Any CPU.ActiveCfg = Release|Any CPU
		{0AA93B2D-DF68-3A4B-40A6-40BB9248EAE5}.Release|Any CPU.Build.0 = Release|Any CPU
	EndGlobalSection
	GlobalSection(SolutionProperties) = preSolution
		HideSolutionNode = FALSE
	EndGlobalSection
	GlobalSection(NestedProjects) = preSolution
		{0E8117EC-253B-111F-4D83-5814737B91B4} = {02EA681E-C7D8-13C7-8484-4AC65E1B71E8}
		{5A3B9FD8-18D0-CB57-5B18-A44FE8E1AB26} = {02EA681E-C7D8-13C7-8484-4AC65E1B71E8}
		{AD178C2A-D67C-073F-8C69-4660A9FD7020} = {02EA681E-C7D8-13C7-8484-4AC65E1B71E8}
		{18324D25-A2B9-1187-4963-B72AE6779133} = {02EA681E-C7D8-13C7-8484-4AC65E1B71E8}
		{CAB4D93C-20B5-8A19-3648-82AA7DB2A5E4} = {02EA681E-C7D8-13C7-8484-4AC65E1B71E8}
		{4F3128B1-0A8E-23A2-FE9C-05CF94755D29} = {02EA681E-C7D8-13C7-8484-4AC65E1B71E8}
		{13B713EF-79A9-24B4-1667-A55BDE88AE97} = {02EA681E-C7D8-13C7-8484-4AC65E1B71E8}
		{46DC4E90-16E6-9EE1-CAE2-AA43B1A650BF} = {02EA681E-C7D8-13C7-8484-4AC65E1B71E8}
		{6D67155C-259F-5936-562C-30E224DA7ECE} = {02EA681E-C7D8-13C7-8484-4AC65E1B71E8}
		{01FB531F-BB6D-BCB1-832D-174B446DF994} = {02EA681E-C7D8-13C7-8484-4AC65E1B71E8}
		{0AA93B2D-DF68-3A4B-40A6-40BB9248EAE5} = {02EA681E-C7D8-13C7-8484-4AC65E1B71E8}
	EndGlobalSection
	GlobalSection(ExtensibilityGlobals) = postSolution
		SolutionGuid = {6C82BAC1-7E1C-4308-8EDF-956FA1412678}
	EndGlobalSection
EndGlobal
